
Microsoft Visual Studio Solution File, Format Version 12.00
# Visual Studio Version 17
VisualStudioVersion = 17.7.34031.279
MinimumVisualStudioVersion = 10.0.40219.1
Project("{FAE04EC0-301F-11D3-BF4B-00C04F79EFBC}") = "InheritanceDemoCSharp-41", "InheritanceDemoCSharp-41\InheritanceDemoCSharp-41.csproj", "{E4D2C78D-3984-4B63-A392-42BA1DC2FD8B}"
EndProject
Global
	GlobalSection(SolutionConfigurationPlatforms) = preSolution
		Debug|Any CPU = Debug|Any CPU
		Release|Any CPU = Release|Any CPU
	EndGlobalSection
	GlobalSection(ProjectConfigurationPlatforms) = postSolution
		{E4D2C78D-3984-4B63-A392-42BA1DC2FD8B}.Debug|Any CPU.ActiveCfg = Debug|Any CPU
		{E4D2C78D-3984-4B63-A392-42BA1DC2FD8B}.Debug|Any CPU.Build.0 = Debug|Any CPU
		{E4D2C78D-3984-4B63-A392-42BA1DC2FD8B}.Release|Any CPU.ActiveCfg = Release|Any CPU
		{E4D2C78D-3984-4B63-A392-42BA1DC2FD8B}.Release|Any CPU.Build.0 = Release|Any CPU
	EndGlobalSection
	GlobalSection(SolutionProperties) = preSolution
		HideSolutionNode = FALSE
	EndGlobalSection
	GlobalSection(ExtensibilityGlobals) = postSolution
		SolutionGuid = {06AB7149-E5AC-475C-ACCA-856EF26D0F74}
	EndGlobalSection
EndGlobal
